// !$*UTF8*$!
{
	archiveVersion = 1;
	classes = {
	};
	objectVersion = 56;
	objects = {

/* Begin PBXBuildFile section */
		603245F628ED31960033B194 /* AppDelegate.swift in Sources */ = {isa = PBXBuildFile; fileRef = 603245F528ED31960033B194 /* AppDelegate.swift */; };
		603245F828ED31960033B194 /* SceneDelegate.swift in Sources */ = {isa = PBXBuildFile; fileRef = 603245F728ED31960033B194 /* SceneDelegate.swift */; };
		603245FD28ED31960033B194 /* Main.storyboard in Resources */ = {isa = PBXBuildFile; fileRef = 603245FB28ED31960033B194 /* Main.storyboard */; };
		603245FF28ED31970033B194 /* Assets.xcassets in Resources */ = {isa = PBXBuildFile; fileRef = 603245FE28ED31970033B194 /* Assets.xcassets */; };
		6032460228ED31970033B194 /* LaunchScreen.storyboard in Resources */ = {isa = PBXBuildFile; fileRef = 6032460028ED31970033B194 /* LaunchScreen.storyboard */; };
		6032460A28ED35170033B194 /* MemoViewController.swift in Sources */ = {isa = PBXBuildFile; fileRef = 6032460928ED35170033B194 /* MemoViewController.swift */; };
		6032460E28ED35410033B194 /* Memo.swift in Sources */ = {isa = PBXBuildFile; fileRef = 6032460D28ED35410033B194 /* Memo.swift */; };
		6032461028ED35690033B194 /* MemoCell.swift in Sources */ = {isa = PBXBuildFile; fileRef = 6032460F28ED35690033B194 /* MemoCell.swift */; };
		6032461228ED3B120033B194 /* DetailMemoViewController.swift in Sources */ = {isa = PBXBuildFile; fileRef = 6032461128ED3B120033B194 /* DetailMemoViewController.swift */; };
		60761F6F28ED4D9E0043804B /* DetailMemo.swift in Sources */ = {isa = PBXBuildFile; fileRef = 60761F6E28ED4D9E0043804B /* DetailMemo.swift */; };
/* End PBXBuildFile section */

/* Begin PBXFileReference section */
		603245F228ED31960033B194 /* week3-challenge.app */ = {isa = PBXFileReference; explicitFileType = wrapper.application; includeInIndex = 0; path = "week3-challenge.app"; sourceTree = BUILT_PRODUCTS_DIR; };
		603245F528ED31960033B194 /* AppDelegate.swift */ = {isa = PBXFileReference; lastKnownFileType = sourcecode.swift; path = AppDelegate.swift; sourceTree = "<group>"; };
		603245F728ED31960033B194 /* SceneDelegate.swift */ = {isa = PBXFileReference; lastKnownFileType = sourcecode.swift; path = SceneDelegate.swift; sourceTree = "<group>"; };
		603245FC28ED31960033B194 /* Base */ = {isa = PBXFileReference; lastKnownFileType = file.storyboard; name = Base; path = Base.lproj/Main.storyboard; sourceTree = "<group>"; };
		603245FE28ED31970033B194 /* Assets.xcassets */ = {isa = PBXFileReference; lastKnownFileType = folder.assetcatalog; path = Assets.xcassets; sourceTree = "<group>"; };
		6032460128ED31970033B194 /* Base */ = {isa = PBXFileReference; lastKnownFileType = file.storyboard; name = Base; path = Base.lproj/LaunchScreen.storyboard; sourceTree = "<group>"; };
		6032460328ED31970033B194 /* Info.plist */ = {isa = PBXFileReference; lastKnownFileType = text.plist.xml; path = Info.plist; sourceTree = "<group>"; };
		6032460928ED35170033B194 /* MemoViewController.swift */ = {isa = PBXFileReference; lastKnownFileType = sourcecode.swift; path = MemoViewController.swift; sourceTree = "<group>"; };
		6032460D28ED35410033B194 /* Memo.swift */ = {isa = PBXFileReference; lastKnownFileType = sourcecode.swift; path = Memo.swift; sourceTree = "<group>"; };
		6032460F28ED35690033B194 /* MemoCell.swift */ = {isa = PBXFileReference; lastKnownFileType = sourcecode.swift; path = MemoCell.swift; sourceTree = "<group>"; };
		6032461128ED3B120033B194 /* DetailMemoViewController.swift */ = {isa = PBXFileReference; lastKnownFileType = sourcecode.swift; path = DetailMemoViewController.swift; sourceTree = "<group>"; };
		60761F6E28ED4D9E0043804B /* DetailMemo.swift */ = {isa = PBXFileReference; lastKnownFileType = sourcecode.swift; path = DetailMemo.swift; sourceTree = "<group>"; };
/* End PBXFileReference section */

/* Begin PBXFrameworksBuildPhase section */
		603245EF28ED31960033B194 /* Frameworks */ = {
			isa = PBXFrameworksBuildPhase;
			buildActionMask = 2147483647;
			files = (
			);
			runOnlyForDeploymentPostprocessing = 0;
		};
/* End PBXFrameworksBuildPhase section */

/* Begin PBXGroup section */
		603245E928ED31960033B194 = {
			isa = PBXGroup;
			children = (
				603245F428ED31960033B194 /* week3-challenge */,
				603245F328ED31960033B194 /* Products */,
			);
			sourceTree = "<group>";
		};
		603245F328ED31960033B194 /* Products */ = {
			isa = PBXGroup;
			children = (
				603245F228ED31960033B194 /* week3-challenge.app */,
			);
			name = Products;
			sourceTree = "<group>";
		};
		603245F428ED31960033B194 /* week3-challenge */ = {
			isa = PBXGroup;
			children = (
				603245F528ED31960033B194 /* AppDelegate.swift */,
				603245F728ED31960033B194 /* SceneDelegate.swift */,
				603245FB28ED31960033B194 /* Main.storyboard */,
				6032460F28ED35690033B194 /* MemoCell.swift */,
				60761F6E28ED4D9E0043804B /* DetailMemo.swift */,
				6032461128ED3B120033B194 /* DetailMemoViewController.swift */,
				6032460928ED35170033B194 /* MemoViewController.swift */,
				6032460D28ED35410033B194 /* Memo.swift */,
				603245FE28ED31970033B194 /* Assets.xcassets */,
				6032460028ED31970033B194 /* LaunchScreen.storyboard */,
				6032460328ED31970033B194 /* Info.plist */,
			);
			path = "week3-challenge";
			sourceTree = "<group>";
		};
/* End PBXGroup section */

/* Begin PBXNativeTarget section */
		603245F128ED31960033B194 /* week3-challenge */ = {
			isa = PBXNativeTarget;
			buildConfigurationList = 6032460628ED31970033B194 /* Build configuration list for PBXNativeTarget "week3-challenge" */;
			buildPhases = (
				603245EE28ED31960033B194 /* Sources */,
				603245EF28ED31960033B194 /* Frameworks */,
				603245F028ED31960033B194 /* Resources */,
			);
			buildRules = (
			);
			dependencies = (
			);
			name = "week3-challenge";
			productName = "week3-challenge";
			productReference = 603245F228ED31960033B194 /* week3-challenge.app */;
			productType = "com.apple.product-type.application";
		};
/* End PBXNativeTarget section */

/* Begin PBXProject section */
		603245EA28ED31960033B194 /* Project object */ = {
			isa = PBXProject;
			attributes = {
				BuildIndependentTargetsInParallel = 1;
				LastSwiftUpdateCheck = 1400;
				LastUpgradeCheck = 1400;
				TargetAttributes = {
					603245F128ED31960033B194 = {
						CreatedOnToolsVersion = 14.0.1;
					};
				};
			};
			buildConfigurationList = 603245ED28ED31960033B194 /* Build configuration list for PBXProject "week3-challenge" */;
			compatibilityVersion = "Xcode 14.0";
			developmentRegion = en;
			hasScannedForEncodings = 0;
			knownRegions = (
				en,
				Base,
			);
			mainGroup = 603245E928ED31960033B194;
			productRefGroup = 603245F328ED31960033B194 /* Products */;
			projectDirPath = "";
			projectRoot = "";
			targets = (
				603245F128ED31960033B194 /* week3-challenge */,
			);
		};
/* End PBXProject section */

/* Begin PBXResourcesBuildPhase section */
		603245F028ED31960033B194 /* Resources */ = {
			isa = PBXResourcesBuildPhase;
			buildActionMask = 2147483647;
			files = (
				6032460228ED31970033B194 /* LaunchScreen.storyboard in Resources */,
				603245FF28ED31970033B194 /* Assets.xcassets in Resources */,
				603245FD28ED31960033B194 /* Main.storyboard in Resources */,
			);
			runOnlyForDeploymentPostprocessing = 0;
		};
/* End PBXResourcesBuildPhase section */

/* Begin PBXSourcesBuildPhase section */
		603245EE28ED31960033B194 /* Sources */ = {
			isa = PBXSourcesBuildPhase;
			buildActionMask = 2147483647;
			files = (
				603245F628ED31960033B194 /* AppDelegate.swift in Sources */,
				603245F828ED31960033B194 /* SceneDelegate.swift in Sources */,
				6032460A28ED35170033B194 /* MemoViewController.swift in Sources */,
				60761F6F28ED4D9E0043804B /* DetailMemo.swift in Sources */,
				6032460E28ED35410033B194 /* Memo.swift in Sources */,
				6032461028ED35690033B194 /* MemoCell.swift in Sources */,
				6032461228ED3B120033B194 /* DetailMemoViewController.swift in Sources */,
			);
			runOnlyForDeploymentPostprocessing = 0;
		};
/* End PBXSourcesBuildPhase section */

/* Begin PBXVariantGroup section */
		603245FB28ED31960033B194 /* Main.storyboard */ = {
			isa = PBXVariantGroup;
			children = (
				603245FC28ED31960033B194 /* Base */,
			);
			name = Main.storyboard;
			sourceTree = "<group>";
		};
		6032460028ED31970033B194 /* LaunchScreen.storyboard */ = {
			isa = PBXVariantGroup;
			children = (
				6032460128ED31970033B194 /* Base */,
			);
			name = LaunchScreen.storyboard;
			sourceTree = "<group>";
		};
/* End PBXVariantGroup section */

/* Begin XCBuildConfiguration section */
		6032460428ED31970033B194 /* Debug */ = {
			isa = XCBuildConfiguration;
			buildSettings = {
				ALWAYS_SEARCH_USER_PATHS = NO;
				CLANG_ANALYZER_NONNULL = YES;
				CLANG_ANALYZER_NUMBER_OBJECT_CONVERSION = YES_AGGRESSIVE;
				CLANG_CXX_LANGUAGE_STANDARD = "gnu++20";
				CLANG_ENABLE_MODULES = YES;
				CLANG_ENABLE_OBJC_ARC = YES;
				CLANG_ENABLE_OBJC_WEAK = YES;
				CLANG_WARN_BLOCK_CAPTURE_AUTORELEASING = YES;
				CLANG_WARN_BOOL_CONVERSION = YES;
				CLANG_WARN_COMMA = YES;
				CLANG_WARN_CONSTANT_CONVERSION = YES;
				CLANG_WARN_DEPRECATED_OBJC_IMPLEMENTATIONS = YES;
				CLANG_WARN_DIRECT_OBJC_ISA_USAGE = YES_ERROR;
				CLANG_WARN_DOCUMENTATION_COMMENTS = YES;
				CLANG_WARN_EMPTY_BODY = YES;
				CLANG_WARN_ENUM_CONVERSION = YES;
				CLANG_WARN_INFINITE_RECURSION = YES;
				CLANG_WARN_INT_CONVERSION = YES;
				CLANG_WARN_NON_LITERAL_NULL_CONVERSION = YES;
				CLANG_WARN_OBJC_IMPLICIT_RETAIN_SELF = YES;
				CLANG_WARN_OBJC_LITERAL_CONVERSION = YES;
				CLANG_WARN_OBJC_ROOT_CLASS = YES_ERROR;
				CLANG_WARN_QUOTED_INCLUDE_IN_FRAMEWORK_HEADER = YES;
				CLANG_WARN_RANGE_LOOP_ANALYSIS = YES;
				CLANG_WARN_STRICT_PROTOTYPES = YES;
				CLANG_WARN_SUSPICIOUS_MOVE = YES;
				CLANG_WARN_UNGUARDED_AVAILABILITY = YES_AGGRESSIVE;
				CLANG_WARN_UNREACHABLE_CODE = YES;
				CLANG_WARN__DUPLICATE_METHOD_MATCH = YES;
				COPY_PHASE_STRIP = NO;
				DEBUG_INFORMATION_FORMAT = dwarf;
				ENABLE_STRICT_OBJC_MSGSEND = YES;
				ENABLE_TESTABILITY = YES;
				GCC_C_LANGUAGE_STANDARD = gnu11;
				GCC_DYNAMIC_NO_PIC = NO;
				GCC_NO_COMMON_BLOCKS = YES;
				GCC_OPTIMIZATION_LEVEL = 0;
				GCC_PREPROCESSOR_DEFINITIONS = (
					"DEBUG=1",
					"$(inherited)",
				);
				GCC_WARN_64_TO_32_BIT_CONVERSION = YES;
				GCC_WARN_ABOUT_RETURN_TYPE = YES_ERROR;
				GCC_WARN_UNDECLARED_SELECTOR = YES;
				GCC_WARN_UNINITIALIZED_AUTOS = YES_AGGRESSIVE;
				GCC_WARN_UNUSED_FUNCTION = YES;
				GCC_WARN_UNUSED_VARIABLE = YES;
				IPHONEOS_DEPLOYMENT_TARGET = 16.0;
				MTL_ENABLE_DEBUG_INFO = INCLUDE_SOURCE;
				MTL_FAST_MATH = YES;
				ONLY_ACTIVE_ARCH = YES;
				SDKROOT = iphoneos;
				SWIFT_ACTIVE_COMPILATION_CONDITIONS = DEBUG;
				SWIFT_OPTIMIZATION_LEVEL = "-Onone";
			};
			name = Debug;
		};
		6032460528ED31970033B194 /* Release */ = {
			isa = XCBuildConfiguration;
			buildSettings = {
				ALWAYS_SEARCH_USER_PATHS = NO;
				CLANG_ANALYZER_NONNULL = YES;
				CLANG_ANALYZER_NUMBER_OBJECT_CONVERSION = YES_AGGRESSIVE;
				CLANG_CXX_LANGUAGE_STANDARD = "gnu++20";
				CLANG_ENABLE_MODULES = YES;
				CLANG_ENABLE_OBJC_ARC = YES;
				CLANG_ENABLE_OBJC_WEAK = YES;
				CLANG_WARN_BLOCK_CAPTURE_AUTORELEASING = YES;
				CLANG_WARN_BOOL_CONVERSION = YES;
				CLANG_WARN_COMMA = YES;
				CLANG_WARN_CONSTANT_CONVERSION = YES;
				CLANG_WARN_DEPRECATED_OBJC_IMPLEMENTATIONS = YES;
				CLANG_WARN_DIRECT_OBJC_ISA_USAGE = YES_ERROR;
				CLANG_WARN_DOCUMENTATION_COMMENTS = YES;
				CLANG_WARN_EMPTY_BODY = YES;
				CLANG_WARN_ENUM_CONVERSION = YES;
				CLANG_WARN_INFINITE_RECURSION = YES;
				CLANG_WARN_INT_CONVERSION = YES;
				CLANG_WARN_NON_LITERAL_NULL_CONVERSION = YES;
				CLANG_WARN_OBJC_IMPLICIT_RETAIN_SELF = YES;
				CLANG_WARN_OBJC_LITERAL_CONVERSION = YES;
				CLANG_WARN_OBJC_ROOT_CLASS = YES_ERROR;
				CLANG_WARN_QUOTED_INCLUDE_IN_FRAMEWORK_HEADER = YES;
				CLANG_WARN_RANGE_LOOP_ANALYSIS = YES;
				CLANG_WARN_STRICT_PROTOTYPES = YES;
				CLANG_WARN_SUSPICIOUS_MOVE = YES;
				CLANG_WARN_UNGUARDED_AVAILABILITY = YES_AGGRESSIVE;
				CLANG_WARN_UNREACHABLE_CODE = YES;
				CLANG_WARN__DUPLICATE_METHOD_MATCH = YES;
				COPY_PHASE_STRIP = NO;
				DEBUG_INFORMATION_FORMAT = "dwarf-with-dsym";
				ENABLE_NS_ASSERTIONS = NO;
				ENABLE_STRICT_OBJC_MSGSEND = YES;
				GCC_C_LANGUAGE_STANDARD = gnu11;
				GCC_NO_COMMON_BLOCKS = YES;
				GCC_WARN_64_TO_32_BIT_CONVERSION = YES;
				GCC_WARN_ABOUT_RETURN_TYPE = YES_ERROR;
				GCC_WARN_UNDECLARED_SELECTOR = YES;
				GCC_WARN_UNINITIALIZED_AUTOS = YES_AGGRESSIVE;
				GCC_WARN_UNUSED_FUNCTION = YES;
				GCC_WARN_UNUSED_VARIABLE = YES;
				IPHONEOS_DEPLOYMENT_TARGET = 16.0;
				MTL_ENABLE_DEBUG_INFO = NO;
				MTL_FAST_MATH = YES;
				SDKROOT = iphoneos;
				SWIFT_COMPILATION_MODE = wholemodule;
				SWIFT_OPTIMIZATION_LEVEL = "-O";
				VALIDATE_PRODUCT = YES;
			};
			name = Release;
		};
		6032460728ED31970033B194 /* Debug */ = {
			isa = XCBuildConfiguration;
			buildSettings = {
				ASSETCATALOG_COMPILER_APPICON_NAME = AppIcon;
				ASSETCATALOG_COMPILER_GLOBAL_ACCENT_COLOR_NAME = AccentColor;
				CODE_SIGN_STYLE = Automatic;
				CURRENT_PROJECT_VERSION = 1;
				DEVELOPMENT_TEAM = 3NP4Z3WZ94;
				GENERATE_INFOPLIST_FILE = YES;
				INFOPLIST_FILE = "week3-challenge/Info.plist";
				INFOPLIST_KEY_UIApplicationSupportsIndirectInputEvents = YES;
				INFOPLIST_KEY_UILaunchStoryboardName = LaunchScreen;
				INFOPLIST_KEY_UIMainStoryboardFile = Main;
				INFOPLIST_KEY_UISupportedInterfaceOrientations_iPad = "UIInterfaceOrientationPortrait UIInterfaceOrientationPortraitUpsideDown UIInterfaceOrientationLandscapeLeft UIInterfaceOrientationLandscapeRight";
				INFOPLIST_KEY_UISupportedInterfaceOrientations_iPhone = "UIInterfaceOrientationPortrait UIInterfaceOrientationLandscapeLeft UIInterfaceOrientationLandscapeRight";
				LD_RUNPATH_SEARCH_PATHS = (
					"$(inherited)",
					"@executable_path/Frameworks",
				);
				MARKETING_VERSION = 1.0;
				PRODUCT_BUNDLE_IDENTIFIER = "com.seuhong.week3-challenge";
				PRODUCT_NAME = "$(TARGET_NAME)";
				SWIFT_EMIT_LOC_STRINGS = YES;
				SWIFT_VERSION = 5.0;
				TARGETED_DEVICE_FAMILY = "1,2";
			};
			name = Debug;
		};
		6032460828ED31970033B194 /* Release */ = {
			isa = XCBuildConfiguration;
			buildSettings = {
				ASSETCATALOG_COMPILER_APPICON_NAME = AppIcon;
				ASSETCATALOG_COMPILER_GLOBAL_ACCENT_COLOR_NAME = AccentColor;
				CODE_SIGN_STYLE = Automatic;
				CURRENT_PROJECT_VERSION = 1;
				DEVELOPMENT_TEAM = 3NP4Z3WZ94;
				GENERATE_INFOPLIST_FILE = YES;
				INFOPLIST_FILE = "week3-challenge/Info.plist";
				INFOPLIST_KEY_UIApplicationSupportsIndirectInputEvents = YES;
				INFOPLIST_KEY_UILaunchStoryboardName = LaunchScreen;
				INFOPLIST_KEY_UIMainStoryboardFile = Main;
				INFOPLIST_KEY_UISupportedInterfaceOrientations_iPad = "UIInterfaceOrientationPortrait UIInterfaceOrientationPortraitUpsideDown UIInterfaceOrientationLandscapeLeft UIInterfaceOrientationLandscapeRight";
				INFOPLIST_KEY_UISupportedInterfaceOrientations_iPhone = "UIInterfaceOrientationPortrait UIInterfaceOrientationLandscapeLeft UIInterfaceOrientationLandscapeRight";
				LD_RUNPATH_SEARCH_PATHS = (
					"$(inherited)",
					"@executable_path/Frameworks",
				);
				MARKETING_VERSION = 1.0;
				PRODUCT_BUNDLE_IDENTIFIER = "com.seuhong.week3-challenge";
				PRODUCT_NAME = "$(TARGET_NAME)";
				SWIFT_EMIT_LOC_STRINGS = YES;
				SWIFT_VERSION = 5.0;
				TARGETED_DEVICE_FAMILY = "1,2";
			};
			name = Release;
		};
/* End XCBuildConfiguration section */

/* Begin XCConfigurationList section */
		603245ED28ED31960033B194 /* Build configuration list for PBXProject "week3-challenge" */ = {
			isa = XCConfigurationList;
			buildConfigurations = (
				6032460428ED31970033B194 /* Debug */,
				6032460528ED31970033B194 /* Release */,
			);
			defaultConfigurationIsVisible = 0;
			defaultConfigurationName = Release;
		};
		6032460628ED31970033B194 /* Build configuration list for PBXNativeTarget "week3-challenge" */ = {
			isa = XCConfigurationList;
			buildConfigurations = (
				6032460728ED31970033B194 /* Debug */,
				6032460828ED31970033B194 /* Release */,
			);
			defaultConfigurationIsVisible = 0;
			defaultConfigurationName = Release;
		};
/* End XCConfigurationList section */
	};
	rootObject = 603245EA28ED31960033B194 /* Project object */;
}
