// !$*UTF8*$!
{
	archiveVersion = 1;
	classes = {
	};
	objectVersion = 55;
	objects = {

/* Begin PBXBuildFile section */
		48C49E4028EFDFF200E6CC2E /* AppDelegate.swift in Sources */ = {isa = PBXBuildFile; fileRef = 48C49E3F28EFDFF200E6CC2E /* AppDelegate.swift */; };
		48C49E4228EFDFF200E6CC2E /* SceneDelegate.swift in Sources */ = {isa = PBXBuildFile; fileRef = 48C49E4128EFDFF200E6CC2E /* SceneDelegate.swift */; };
		48C49E4428EFDFF200E6CC2E /* ViewController.swift in Sources */ = {isa = PBXBuildFile; fileRef = 48C49E4328EFDFF200E6CC2E /* ViewController.swift */; };
		48C49E4728EFDFF200E6CC2E /* Main.storyboard in Resources */ = {isa = PBXBuildFile; fileRef = 48C49E4528EFDFF200E6CC2E /* Main.storyboard */; };
		48C49E4928EFDFF400E6CC2E /* Assets.xcassets in Resources */ = {isa = PBXBuildFile; fileRef = 48C49E4828EFDFF400E6CC2E /* Assets.xcassets */; };
		48C49E4C28EFDFF400E6CC2E /* LaunchScreen.storyboard in Resources */ = {isa = PBXBuildFile; fileRef = 48C49E4A28EFDFF400E6CC2E /* LaunchScreen.storyboard */; };
		48C49E5528EFE30C00E6CC2E /* DemoTableViewCell.swift in Sources */ = {isa = PBXBuildFile; fileRef = 48C49E5328EFE30C00E6CC2E /* DemoTableViewCell.swift */; };
		48C49E5628EFE30C00E6CC2E /* DemoTableViewCell.xib in Resources */ = {isa = PBXBuildFile; fileRef = 48C49E5428EFE30C00E6CC2E /* DemoTableViewCell.xib */; };
/* End PBXBuildFile section */

/* Begin PBXFileReference section */
		48C49E3C28EFDFF200E6CC2E /* TableView prac.app */ = {isa = PBXFileReference; explicitFileType = wrapper.application; includeInIndex = 0; path = "TableView prac.app"; sourceTree = BUILT_PRODUCTS_DIR; };
		48C49E3F28EFDFF200E6CC2E /* AppDelegate.swift */ = {isa = PBXFileReference; lastKnownFileType = sourcecode.swift; path = AppDelegate.swift; sourceTree = "<group>"; };
		48C49E4128EFDFF200E6CC2E /* SceneDelegate.swift */ = {isa = PBXFileReference; lastKnownFileType = sourcecode.swift; path = SceneDelegate.swift; sourceTree = "<group>"; };
		48C49E4328EFDFF200E6CC2E /* ViewController.swift */ = {isa = PBXFileReference; lastKnownFileType = sourcecode.swift; path = ViewController.swift; sourceTree = "<group>"; };
		48C49E4628EFDFF200E6CC2E /* Base */ = {isa = PBXFileReference; lastKnownFileType = file.storyboard; name = Base; path = Base.lproj/Main.storyboard; sourceTree = "<group>"; };
		48C49E4828EFDFF400E6CC2E /* Assets.xcassets */ = {isa = PBXFileReference; lastKnownFileType = folder.assetcatalog; path = Assets.xcassets; sourceTree = "<group>"; };
		48C49E4B28EFDFF400E6CC2E /* Base */ = {isa = PBXFileReference; lastKnownFileType = file.storyboard; name = Base; path = Base.lproj/LaunchScreen.storyboard; sourceTree = "<group>"; };
		48C49E4D28EFDFF400E6CC2E /* Info.plist */ = {isa = PBXFileReference; lastKnownFileType = text.plist.xml; path = Info.plist; sourceTree = "<group>"; };
		48C49E5328EFE30C00E6CC2E /* DemoTableViewCell.swift */ = {isa = PBXFileReference; lastKnownFileType = sourcecode.swift; path = DemoTableViewCell.swift; sourceTree = "<group>"; };
		48C49E5428EFE30C00E6CC2E /* DemoTableViewCell.xib */ = {isa = PBXFileReference; lastKnownFileType = file.xib; path = DemoTableViewCell.xib; sourceTree = "<group>"; };
/* End PBXFileReference section */

/* Begin PBXFrameworksBuildPhase section */
		48C49E3928EFDFF200E6CC2E /* Frameworks */ = {
			isa = PBXFrameworksBuildPhase;
			buildActionMask = 2147483647;
			files = (
			);
			runOnlyForDeploymentPostprocessing = 0;
		};
/* End PBXFrameworksBuildPhase section */

/* Begin PBXGroup section */
		48C49E3328EFDFF200E6CC2E = {
			isa = PBXGroup;
			children = (
				48C49E3E28EFDFF200E6CC2E /* TableView prac */,
				48C49E3D28EFDFF200E6CC2E /* Products */,
			);
			sourceTree = "<group>";
		};
		48C49E3D28EFDFF200E6CC2E /* Products */ = {
			isa = PBXGroup;
			children = (
				48C49E3C28EFDFF200E6CC2E /* TableView prac.app */,
			);
			name = Products;
			sourceTree = "<group>";
		};
		48C49E3E28EFDFF200E6CC2E /* TableView prac */ = {
			isa = PBXGroup;
			children = (
				48C49E3F28EFDFF200E6CC2E /* AppDelegate.swift */,
				48C49E4128EFDFF200E6CC2E /* SceneDelegate.swift */,
				48C49E4328EFDFF200E6CC2E /* ViewController.swift */,
				48C49E4528EFDFF200E6CC2E /* Main.storyboard */,
				48C49E4828EFDFF400E6CC2E /* Assets.xcassets */,
				48C49E4A28EFDFF400E6CC2E /* LaunchScreen.storyboard */,
				48C49E4D28EFDFF400E6CC2E /* Info.plist */,
				48C49E5328EFE30C00E6CC2E /* DemoTableViewCell.swift */,
				48C49E5428EFE30C00E6CC2E /* DemoTableViewCell.xib */,
			);
			path = "TableView prac";
			sourceTree = "<group>";
		};
/* End PBXGroup section */

/* Begin PBXNativeTarget section */
		48C49E3B28EFDFF200E6CC2E /* TableView prac */ = {
			isa = PBXNativeTarget;
			buildConfigurationList = 48C49E5028EFDFF400E6CC2E /* Build configuration list for PBXNativeTarget "TableView prac" */;
			buildPhases = (
				48C49E3828EFDFF200E6CC2E /* Sources */,
				48C49E3928EFDFF200E6CC2E /* Frameworks */,
				48C49E3A28EFDFF200E6CC2E /* Resources */,
			);
			buildRules = (
			);
			dependencies = (
			);
			name = "TableView prac";
			productName = "TableView prac";
			productReference = 48C49E3C28EFDFF200E6CC2E /* TableView prac.app */;
			productType = "com.apple.product-type.application";
		};
/* End PBXNativeTarget section */

/* Begin PBXProject section */
		48C49E3428EFDFF200E6CC2E /* Project object */ = {
			isa = PBXProject;
			attributes = {
				BuildIndependentTargetsInParallel = 1;
				LastSwiftUpdateCheck = 1340;
				LastUpgradeCheck = 1340;
				TargetAttributes = {
					48C49E3B28EFDFF200E6CC2E = {
						CreatedOnToolsVersion = 13.4.1;
					};
				};
			};
			buildConfigurationList = 48C49E3728EFDFF200E6CC2E /* Build configuration list for PBXProject "TableView prac" */;
			compatibilityVersion = "Xcode 13.0";
			developmentRegion = en;
			hasScannedForEncodings = 0;
			knownRegions = (
				en,
				Base,
			);
			mainGroup = 48C49E3328EFDFF200E6CC2E;
			productRefGroup = 48C49E3D28EFDFF200E6CC2E /* Products */;
			projectDirPath = "";
			projectRoot = "";
			targets = (
				48C49E3B28EFDFF200E6CC2E /* TableView prac */,
			);
		};
/* End PBXProject section */

/* Begin PBXResourcesBuildPhase section */
		48C49E3A28EFDFF200E6CC2E /* Resources */ = {
			isa = PBXResourcesBuildPhase;
			buildActionMask = 2147483647;
			files = (
				48C49E4C28EFDFF400E6CC2E /* LaunchScreen.storyboard in Resources */,
				48C49E4928EFDFF400E6CC2E /* Assets.xcassets in Resources */,
				48C49E5628EFE30C00E6CC2E /* DemoTableViewCell.xib in Resources */,
				48C49E4728EFDFF200E6CC2E /* Main.storyboard in Resources */,
			);
			runOnlyForDeploymentPostprocessing = 0;
		};
/* End PBXResourcesBuildPhase section */

/* Begin PBXSourcesBuildPhase section */
		48C49E3828EFDFF200E6CC2E /* Sources */ = {
			isa = PBXSourcesBuildPhase;
			buildActionMask = 2147483647;
			files = (
				48C49E4428EFDFF200E6CC2E /* ViewController.swift in Sources */,
				48C49E4028EFDFF200E6CC2E /* AppDelegate.swift in Sources */,
				48C49E5528EFE30C00E6CC2E /* DemoTableViewCell.swift in Sources */,
				48C49E4228EFDFF200E6CC2E /* SceneDelegate.swift in Sources */,
			);
			runOnlyForDeploymentPostprocessing = 0;
		};
/* End PBXSourcesBuildPhase section */

/* Begin PBXVariantGroup section */
		48C49E4528EFDFF200E6CC2E /* Main.storyboard */ = {
			isa = PBXVariantGroup;
			children = (
				48C49E4628EFDFF200E6CC2E /* Base */,
			);
			name = Main.storyboard;
			sourceTree = "<group>";
		};
		48C49E4A28EFDFF400E6CC2E /* LaunchScreen.storyboard */ = {
			isa = PBXVariantGroup;
			children = (
				48C49E4B28EFDFF400E6CC2E /* Base */,
			);
			name = LaunchScreen.storyboard;
			sourceTree = "<group>";
		};
/* End PBXVariantGroup section */

/* Begin XCBuildConfiguration section */
		48C49E4E28EFDFF400E6CC2E /* Debug */ = {
			isa = XCBuildConfiguration;
			buildSettings = {
				ALWAYS_SEARCH_USER_PATHS = NO;
				CLANG_ANALYZER_NONNULL = YES;
				CLANG_ANALYZER_NUMBER_OBJECT_CONVERSION = YES_AGGRESSIVE;
				CLANG_CXX_LANGUAGE_STANDARD = "gnu++17";
				CLANG_ENABLE_MODULES = YES;
				CLANG_ENABLE_OBJC_ARC = YES;
				CLANG_ENABLE_OBJC_WEAK = YES;
				CLANG_WARN_BLOCK_CAPTURE_AUTORELEASING = YES;
				CLANG_WARN_BOOL_CONVERSION = YES;
				CLANG_WARN_COMMA = YES;
				CLANG_WARN_CONSTANT_CONVERSION = YES;
				CLANG_WARN_DEPRECATED_OBJC_IMPLEMENTATIONS = YES;
				CLANG_WARN_DIRECT_OBJC_ISA_USAGE = YES_ERROR;
				CLANG_WARN_DOCUMENTATION_COMMENTS = YES;
				CLANG_WARN_EMPTY_BODY = YES;
				CLANG_WARN_ENUM_CONVERSION = YES;
				CLANG_WARN_INFINITE_RECURSION = YES;
				CLANG_WARN_INT_CONVERSION = YES;
				CLANG_WARN_NON_LITERAL_NULL_CONVERSION = YES;
				CLANG_WARN_OBJC_IMPLICIT_RETAIN_SELF = YES;
				CLANG_WARN_OBJC_LITERAL_CONVERSION = YES;
				CLANG_WARN_OBJC_ROOT_CLASS = YES_ERROR;
				CLANG_WARN_QUOTED_INCLUDE_IN_FRAMEWORK_HEADER = YES;
				CLANG_WARN_RANGE_LOOP_ANALYSIS = YES;
				CLANG_WARN_STRICT_PROTOTYPES = YES;
				CLANG_WARN_SUSPICIOUS_MOVE = YES;
				CLANG_WARN_UNGUARDED_AVAILABILITY = YES_AGGRESSIVE;
				CLANG_WARN_UNREACHABLE_CODE = YES;
				CLANG_WARN__DUPLICATE_METHOD_MATCH = YES;
				COPY_PHASE_STRIP = NO;
				DEBUG_INFORMATION_FORMAT = dwarf;
				ENABLE_STRICT_OBJC_MSGSEND = YES;
				ENABLE_TESTABILITY = YES;
				GCC_C_LANGUAGE_STANDARD = gnu11;
				GCC_DYNAMIC_NO_PIC = NO;
				GCC_NO_COMMON_BLOCKS = YES;
				GCC_OPTIMIZATION_LEVEL = 0;
				GCC_PREPROCESSOR_DEFINITIONS = (
					"DEBUG=1",
					"$(inherited)",
				);
				GCC_WARN_64_TO_32_BIT_CONVERSION = YES;
				GCC_WARN_ABOUT_RETURN_TYPE = YES_ERROR;
				GCC_WARN_UNDECLARED_SELECTOR = YES;
				GCC_WARN_UNINITIALIZED_AUTOS = YES_AGGRESSIVE;
				GCC_WARN_UNUSED_FUNCTION = YES;
				GCC_WARN_UNUSED_VARIABLE = YES;
				IPHONEOS_DEPLOYMENT_TARGET = 15.5;
				MTL_ENABLE_DEBUG_INFO = INCLUDE_SOURCE;
				MTL_FAST_MATH = YES;
				ONLY_ACTIVE_ARCH = YES;
				SDKROOT = iphoneos;
				SWIFT_ACTIVE_COMPILATION_CONDITIONS = DEBUG;
				SWIFT_OPTIMIZATION_LEVEL = "-Onone";
			};
			name = Debug;
		};
		48C49E4F28EFDFF400E6CC2E /* Release */ = {
			isa = XCBuildConfiguration;
			buildSettings = {
				ALWAYS_SEARCH_USER_PATHS = NO;
				CLANG_ANALYZER_NONNULL = YES;
				CLANG_ANALYZER_NUMBER_OBJECT_CONVERSION = YES_AGGRESSIVE;
				CLANG_CXX_LANGUAGE_STANDARD = "gnu++17";
				CLANG_ENABLE_MODULES = YES;
				CLANG_ENABLE_OBJC_ARC = YES;
				CLANG_ENABLE_OBJC_WEAK = YES;
				CLANG_WARN_BLOCK_CAPTURE_AUTORELEASING = YES;
				CLANG_WARN_BOOL_CONVERSION = YES;
				CLANG_WARN_COMMA = YES;
				CLANG_WARN_CONSTANT_CONVERSION = YES;
				CLANG_WARN_DEPRECATED_OBJC_IMPLEMENTATIONS = YES;
				CLANG_WARN_DIRECT_OBJC_ISA_USAGE = YES_ERROR;
				CLANG_WARN_DOCUMENTATION_COMMENTS = YES;
				CLANG_WARN_EMPTY_BODY = YES;
				CLANG_WARN_ENUM_CONVERSION = YES;
				CLANG_WARN_INFINITE_RECURSION = YES;
				CLANG_WARN_INT_CONVERSION = YES;
				CLANG_WARN_NON_LITERAL_NULL_CONVERSION = YES;
				CLANG_WARN_OBJC_IMPLICIT_RETAIN_SELF = YES;
				CLANG_WARN_OBJC_LITERAL_CONVERSION = YES;
				CLANG_WARN_OBJC_ROOT_CLASS = YES_ERROR;
				CLANG_WARN_QUOTED_INCLUDE_IN_FRAMEWORK_HEADER = YES;
				CLANG_WARN_RANGE_LOOP_ANALYSIS = YES;
				CLANG_WARN_STRICT_PROTOTYPES = YES;
				CLANG_WARN_SUSPICIOUS_MOVE = YES;
				CLANG_WARN_UNGUARDED_AVAILABILITY = YES_AGGRESSIVE;
				CLANG_WARN_UNREACHABLE_CODE = YES;
				CLANG_WARN__DUPLICATE_METHOD_MATCH = YES;
				COPY_PHASE_STRIP = NO;
				DEBUG_INFORMATION_FORMAT = "dwarf-with-dsym";
				ENABLE_NS_ASSERTIONS = NO;
				ENABLE_STRICT_OBJC_MSGSEND = YES;
				GCC_C_LANGUAGE_STANDARD = gnu11;
				GCC_NO_COMMON_BLOCKS = YES;
				GCC_WARN_64_TO_32_BIT_CONVERSION = YES;
				GCC_WARN_ABOUT_RETURN_TYPE = YES_ERROR;
				GCC_WARN_UNDECLARED_SELECTOR = YES;
				GCC_WARN_UNINITIALIZED_AUTOS = YES_AGGRESSIVE;
				GCC_WARN_UNUSED_FUNCTION = YES;
				GCC_WARN_UNUSED_VARIABLE = YES;
				IPHONEOS_DEPLOYMENT_TARGET = 15.5;
				MTL_ENABLE_DEBUG_INFO = NO;
				MTL_FAST_MATH = YES;
				SDKROOT = iphoneos;
				SWIFT_COMPILATION_MODE = wholemodule;
				SWIFT_OPTIMIZATION_LEVEL = "-O";
				VALIDATE_PRODUCT = YES;
			};
			name = Release;
		};
		48C49E5128EFDFF400E6CC2E /* Debug */ = {
			isa = XCBuildConfiguration;
			buildSettings = {
				ASSETCATALOG_COMPILER_APPICON_NAME = AppIcon;
				ASSETCATALOG_COMPILER_GLOBAL_ACCENT_COLOR_NAME = AccentColor;
				CODE_SIGN_STYLE = Automatic;
				CURRENT_PROJECT_VERSION = 1;
				DEVELOPMENT_TEAM = LBXG8M82WY;
				GENERATE_INFOPLIST_FILE = YES;
				INFOPLIST_FILE = "TableView prac/Info.plist";
				INFOPLIST_KEY_UIApplicationSupportsIndirectInputEvents = YES;
				INFOPLIST_KEY_UILaunchStoryboardName = LaunchScreen;
				INFOPLIST_KEY_UIMainStoryboardFile = Main;
				INFOPLIST_KEY_UISupportedInterfaceOrientations_iPad = "UIInterfaceOrientationPortrait UIInterfaceOrientationPortraitUpsideDown UIInterfaceOrientationLandscapeLeft UIInterfaceOrientationLandscapeRight";
				INFOPLIST_KEY_UISupportedInterfaceOrientations_iPhone = "UIInterfaceOrientationPortrait UIInterfaceOrientationLandscapeLeft UIInterfaceOrientationLandscapeRight";
				LD_RUNPATH_SEARCH_PATHS = (
					"$(inherited)",
					"@executable_path/Frameworks",
				);
				MARKETING_VERSION = 1.0;
				PRODUCT_BUNDLE_IDENTIFIER = "com.MKKIM.week3.TableView-prac";
				PRODUCT_NAME = "$(TARGET_NAME)";
				SWIFT_EMIT_LOC_STRINGS = YES;
				SWIFT_VERSION = 5.0;
				TARGETED_DEVICE_FAMILY = "1,2";
			};
			name = Debug;
		};
		48C49E5228EFDFF400E6CC2E /* Release */ = {
			isa = XCBuildConfiguration;
			buildSettings = {
				ASSETCATALOG_COMPILER_APPICON_NAME = AppIcon;
				ASSETCATALOG_COMPILER_GLOBAL_ACCENT_COLOR_NAME = AccentColor;
				CODE_SIGN_STYLE = Automatic;
				CURRENT_PROJECT_VERSION = 1;
				DEVELOPMENT_TEAM = LBXG8M82WY;
				GENERATE_INFOPLIST_FILE = YES;
				INFOPLIST_FILE = "TableView prac/Info.plist";
				INFOPLIST_KEY_UIApplicationSupportsIndirectInputEvents = YES;
				INFOPLIST_KEY_UILaunchStoryboardName = LaunchScreen;
				INFOPLIST_KEY_UIMainStoryboardFile = Main;
				INFOPLIST_KEY_UISupportedInterfaceOrientations_iPad = "UIInterfaceOrientationPortrait UIInterfaceOrientationPortraitUpsideDown UIInterfaceOrientationLandscapeLeft UIInterfaceOrientationLandscapeRight";
				INFOPLIST_KEY_UISupportedInterfaceOrientations_iPhone = "UIInterfaceOrientationPortrait UIInterfaceOrientationLandscapeLeft UIInterfaceOrientationLandscapeRight";
				LD_RUNPATH_SEARCH_PATHS = (
					"$(inherited)",
					"@executable_path/Frameworks",
				);
				MARKETING_VERSION = 1.0;
				PRODUCT_BUNDLE_IDENTIFIER = "com.MKKIM.week3.TableView-prac";
				PRODUCT_NAME = "$(TARGET_NAME)";
				SWIFT_EMIT_LOC_STRINGS = YES;
				SWIFT_VERSION = 5.0;
				TARGETED_DEVICE_FAMILY = "1,2";
			};
			name = Release;
		};
/* End XCBuildConfiguration section */

/* Begin XCConfigurationList section */
		48C49E3728EFDFF200E6CC2E /* Build configuration list for PBXProject "TableView prac" */ = {
			isa = XCConfigurationList;
			buildConfigurations = (
				48C49E4E28EFDFF400E6CC2E /* Debug */,
				48C49E4F28EFDFF400E6CC2E /* Release */,
			);
			defaultConfigurationIsVisible = 0;
			defaultConfigurationName = Release;
		};
		48C49E5028EFDFF400E6CC2E /* Build configuration list for PBXNativeTarget "TableView prac" */ = {
			isa = XCConfigurationList;
			buildConfigurations = (
				48C49E5128EFDFF400E6CC2E /* Debug */,
				48C49E5228EFDFF400E6CC2E /* Release */,
			);
			defaultConfigurationIsVisible = 0;
			defaultConfigurationName = Release;
		};
/* End XCConfigurationList section */
	};
	rootObject = 48C49E3428EFDFF200E6CC2E /* Project object */;
}
