// !$*UTF8*$!
{
	archiveVersion = 1;
	classes = {
	};
	objectVersion = 56;
	objects = {

/* Begin PBXBuildFile section */
		6028C5C028EBEAAB0099CD6A /* FirstVC.swift in Sources */ = {isa = PBXBuildFile; fileRef = 6028C5BF28EBEAAB0099CD6A /* FirstVC.swift */; };
		6028C5C228EBEAB50099CD6A /* SecondVC.swift in Sources */ = {isa = PBXBuildFile; fileRef = 6028C5C128EBEAB50099CD6A /* SecondVC.swift */; };
		6028C5C428EBEAC20099CD6A /* FirstResultVC.swift in Sources */ = {isa = PBXBuildFile; fileRef = 6028C5C328EBEAC20099CD6A /* FirstResultVC.swift */; };
		6028C5C628EBEACB0099CD6A /* SecondResultVC.swift in Sources */ = {isa = PBXBuildFile; fileRef = 6028C5C528EBEACB0099CD6A /* SecondResultVC.swift */; };
		608D3FB328EBE1E7004A4212 /* AppDelegate.swift in Sources */ = {isa = PBXBuildFile; fileRef = 608D3FB228EBE1E7004A4212 /* AppDelegate.swift */; };
		608D3FB528EBE1E7004A4212 /* SceneDelegate.swift in Sources */ = {isa = PBXBuildFile; fileRef = 608D3FB428EBE1E7004A4212 /* SceneDelegate.swift */; };
		608D3FBA28EBE1E7004A4212 /* Main.storyboard in Resources */ = {isa = PBXBuildFile; fileRef = 608D3FB828EBE1E7004A4212 /* Main.storyboard */; };
		608D3FBC28EBE1E9004A4212 /* Assets.xcassets in Resources */ = {isa = PBXBuildFile; fileRef = 608D3FBB28EBE1E9004A4212 /* Assets.xcassets */; };
		608D3FBF28EBE1E9004A4212 /* LaunchScreen.storyboard in Resources */ = {isa = PBXBuildFile; fileRef = 608D3FBD28EBE1E9004A4212 /* LaunchScreen.storyboard */; };
/* End PBXBuildFile section */

/* Begin PBXFileReference section */
		6028C5BF28EBEAAB0099CD6A /* FirstVC.swift */ = {isa = PBXFileReference; lastKnownFileType = sourcecode.swift; path = FirstVC.swift; sourceTree = "<group>"; };
		6028C5C128EBEAB50099CD6A /* SecondVC.swift */ = {isa = PBXFileReference; lastKnownFileType = sourcecode.swift; path = SecondVC.swift; sourceTree = "<group>"; };
		6028C5C328EBEAC20099CD6A /* FirstResultVC.swift */ = {isa = PBXFileReference; lastKnownFileType = sourcecode.swift; path = FirstResultVC.swift; sourceTree = "<group>"; };
		6028C5C528EBEACB0099CD6A /* SecondResultVC.swift */ = {isa = PBXFileReference; lastKnownFileType = sourcecode.swift; path = SecondResultVC.swift; sourceTree = "<group>"; };
		608D3FAF28EBE1E7004A4212 /* week3-standard.app */ = {isa = PBXFileReference; explicitFileType = wrapper.application; includeInIndex = 0; path = "week3-standard.app"; sourceTree = BUILT_PRODUCTS_DIR; };
		608D3FB228EBE1E7004A4212 /* AppDelegate.swift */ = {isa = PBXFileReference; lastKnownFileType = sourcecode.swift; path = AppDelegate.swift; sourceTree = "<group>"; };
		608D3FB428EBE1E7004A4212 /* SceneDelegate.swift */ = {isa = PBXFileReference; lastKnownFileType = sourcecode.swift; path = SceneDelegate.swift; sourceTree = "<group>"; };
		608D3FB928EBE1E7004A4212 /* Base */ = {isa = PBXFileReference; lastKnownFileType = file.storyboard; name = Base; path = Base.lproj/Main.storyboard; sourceTree = "<group>"; };
		608D3FBB28EBE1E9004A4212 /* Assets.xcassets */ = {isa = PBXFileReference; lastKnownFileType = folder.assetcatalog; path = Assets.xcassets; sourceTree = "<group>"; };
		608D3FBE28EBE1E9004A4212 /* Base */ = {isa = PBXFileReference; lastKnownFileType = file.storyboard; name = Base; path = Base.lproj/LaunchScreen.storyboard; sourceTree = "<group>"; };
		608D3FC028EBE1E9004A4212 /* Info.plist */ = {isa = PBXFileReference; lastKnownFileType = text.plist.xml; path = Info.plist; sourceTree = "<group>"; };
/* End PBXFileReference section */

/* Begin PBXFrameworksBuildPhase section */
		608D3FAC28EBE1E7004A4212 /* Frameworks */ = {
			isa = PBXFrameworksBuildPhase;
			buildActionMask = 2147483647;
			files = (
			);
			runOnlyForDeploymentPostprocessing = 0;
		};
/* End PBXFrameworksBuildPhase section */

/* Begin PBXGroup section */
		608D3FA628EBE1E7004A4212 = {
			isa = PBXGroup;
			children = (
				608D3FB128EBE1E7004A4212 /* week3-standard */,
				608D3FB028EBE1E7004A4212 /* Products */,
			);
			sourceTree = "<group>";
		};
		608D3FB028EBE1E7004A4212 /* Products */ = {
			isa = PBXGroup;
			children = (
				608D3FAF28EBE1E7004A4212 /* week3-standard.app */,
			);
			name = Products;
			sourceTree = "<group>";
		};
		608D3FB128EBE1E7004A4212 /* week3-standard */ = {
			isa = PBXGroup;
			children = (
				608D3FB228EBE1E7004A4212 /* AppDelegate.swift */,
				608D3FB428EBE1E7004A4212 /* SceneDelegate.swift */,
				608D3FB828EBE1E7004A4212 /* Main.storyboard */,
				6028C5BF28EBEAAB0099CD6A /* FirstVC.swift */,
				6028C5C128EBEAB50099CD6A /* SecondVC.swift */,
				6028C5C328EBEAC20099CD6A /* FirstResultVC.swift */,
				6028C5C528EBEACB0099CD6A /* SecondResultVC.swift */,
				608D3FBB28EBE1E9004A4212 /* Assets.xcassets */,
				608D3FBD28EBE1E9004A4212 /* LaunchScreen.storyboard */,
				608D3FC028EBE1E9004A4212 /* Info.plist */,
			);
			path = "week3-standard";
			sourceTree = "<group>";
		};
/* End PBXGroup section */

/* Begin PBXNativeTarget section */
		608D3FAE28EBE1E7004A4212 /* week3-standard */ = {
			isa = PBXNativeTarget;
			buildConfigurationList = 608D3FC328EBE1E9004A4212 /* Build configuration list for PBXNativeTarget "week3-standard" */;
			buildPhases = (
				608D3FAB28EBE1E7004A4212 /* Sources */,
				608D3FAC28EBE1E7004A4212 /* Frameworks */,
				608D3FAD28EBE1E7004A4212 /* Resources */,
			);
			buildRules = (
			);
			dependencies = (
			);
			name = "week3-standard";
			productName = "week3-standard";
			productReference = 608D3FAF28EBE1E7004A4212 /* week3-standard.app */;
			productType = "com.apple.product-type.application";
		};
/* End PBXNativeTarget section */

/* Begin PBXProject section */
		608D3FA728EBE1E7004A4212 /* Project object */ = {
			isa = PBXProject;
			attributes = {
				BuildIndependentTargetsInParallel = 1;
				LastSwiftUpdateCheck = 1400;
				LastUpgradeCheck = 1400;
				TargetAttributes = {
					608D3FAE28EBE1E7004A4212 = {
						CreatedOnToolsVersion = 14.0.1;
					};
				};
			};
			buildConfigurationList = 608D3FAA28EBE1E7004A4212 /* Build configuration list for PBXProject "week3-standard" */;
			compatibilityVersion = "Xcode 14.0";
			developmentRegion = en;
			hasScannedForEncodings = 0;
			knownRegions = (
				en,
				Base,
			);
			mainGroup = 608D3FA628EBE1E7004A4212;
			productRefGroup = 608D3FB028EBE1E7004A4212 /* Products */;
			projectDirPath = "";
			projectRoot = "";
			targets = (
				608D3FAE28EBE1E7004A4212 /* week3-standard */,
			);
		};
/* End PBXProject section */

/* Begin PBXResourcesBuildPhase section */
		608D3FAD28EBE1E7004A4212 /* Resources */ = {
			isa = PBXResourcesBuildPhase;
			buildActionMask = 2147483647;
			files = (
				608D3FBF28EBE1E9004A4212 /* LaunchScreen.storyboard in Resources */,
				608D3FBC28EBE1E9004A4212 /* Assets.xcassets in Resources */,
				608D3FBA28EBE1E7004A4212 /* Main.storyboard in Resources */,
			);
			runOnlyForDeploymentPostprocessing = 0;
		};
/* End PBXResourcesBuildPhase section */

/* Begin PBXSourcesBuildPhase section */
		608D3FAB28EBE1E7004A4212 /* Sources */ = {
			isa = PBXSourcesBuildPhase;
			buildActionMask = 2147483647;
			files = (
				608D3FB328EBE1E7004A4212 /* AppDelegate.swift in Sources */,
				6028C5C428EBEAC20099CD6A /* FirstResultVC.swift in Sources */,
				6028C5C028EBEAAB0099CD6A /* FirstVC.swift in Sources */,
				6028C5C228EBEAB50099CD6A /* SecondVC.swift in Sources */,
				608D3FB528EBE1E7004A4212 /* SceneDelegate.swift in Sources */,
				6028C5C628EBEACB0099CD6A /* SecondResultVC.swift in Sources */,
			);
			runOnlyForDeploymentPostprocessing = 0;
		};
/* End PBXSourcesBuildPhase section */

/* Begin PBXVariantGroup section */
		608D3FB828EBE1E7004A4212 /* Main.storyboard */ = {
			isa = PBXVariantGroup;
			children = (
				608D3FB928EBE1E7004A4212 /* Base */,
			);
			name = Main.storyboard;
			sourceTree = "<group>";
		};
		608D3FBD28EBE1E9004A4212 /* LaunchScreen.storyboard */ = {
			isa = PBXVariantGroup;
			children = (
				608D3FBE28EBE1E9004A4212 /* Base */,
			);
			name = LaunchScreen.storyboard;
			sourceTree = "<group>";
		};
/* End PBXVariantGroup section */

/* Begin XCBuildConfiguration section */
		608D3FC128EBE1E9004A4212 /* Debug */ = {
			isa = XCBuildConfiguration;
			buildSettings = {
				ALWAYS_SEARCH_USER_PATHS = NO;
				CLANG_ANALYZER_NONNULL = YES;
				CLANG_ANALYZER_NUMBER_OBJECT_CONVERSION = YES_AGGRESSIVE;
				CLANG_CXX_LANGUAGE_STANDARD = "gnu++20";
				CLANG_ENABLE_MODULES = YES;
				CLANG_ENABLE_OBJC_ARC = YES;
				CLANG_ENABLE_OBJC_WEAK = YES;
				CLANG_WARN_BLOCK_CAPTURE_AUTORELEASING = YES;
				CLANG_WARN_BOOL_CONVERSION = YES;
				CLANG_WARN_COMMA = YES;
				CLANG_WARN_CONSTANT_CONVERSION = YES;
				CLANG_WARN_DEPRECATED_OBJC_IMPLEMENTATIONS = YES;
				CLANG_WARN_DIRECT_OBJC_ISA_USAGE = YES_ERROR;
				CLANG_WARN_DOCUMENTATION_COMMENTS = YES;
				CLANG_WARN_EMPTY_BODY = YES;
				CLANG_WARN_ENUM_CONVERSION = YES;
				CLANG_WARN_INFINITE_RECURSION = YES;
				CLANG_WARN_INT_CONVERSION = YES;
				CLANG_WARN_NON_LITERAL_NULL_CONVERSION = YES;
				CLANG_WARN_OBJC_IMPLICIT_RETAIN_SELF = YES;
				CLANG_WARN_OBJC_LITERAL_CONVERSION = YES;
				CLANG_WARN_OBJC_ROOT_CLASS = YES_ERROR;
				CLANG_WARN_QUOTED_INCLUDE_IN_FRAMEWORK_HEADER = YES;
				CLANG_WARN_RANGE_LOOP_ANALYSIS = YES;
				CLANG_WARN_STRICT_PROTOTYPES = YES;
				CLANG_WARN_SUSPICIOUS_MOVE = YES;
				CLANG_WARN_UNGUARDED_AVAILABILITY = YES_AGGRESSIVE;
				CLANG_WARN_UNREACHABLE_CODE = YES;
				CLANG_WARN__DUPLICATE_METHOD_MATCH = YES;
				COPY_PHASE_STRIP = NO;
				DEBUG_INFORMATION_FORMAT = dwarf;
				ENABLE_STRICT_OBJC_MSGSEND = YES;
				ENABLE_TESTABILITY = YES;
				GCC_C_LANGUAGE_STANDARD = gnu11;
				GCC_DYNAMIC_NO_PIC = NO;
				GCC_NO_COMMON_BLOCKS = YES;
				GCC_OPTIMIZATION_LEVEL = 0;
				GCC_PREPROCESSOR_DEFINITIONS = (
					"DEBUG=1",
					"$(inherited)",
				);
				GCC_WARN_64_TO_32_BIT_CONVERSION = YES;
				GCC_WARN_ABOUT_RETURN_TYPE = YES_ERROR;
				GCC_WARN_UNDECLARED_SELECTOR = YES;
				GCC_WARN_UNINITIALIZED_AUTOS = YES_AGGRESSIVE;
				GCC_WARN_UNUSED_FUNCTION = YES;
				GCC_WARN_UNUSED_VARIABLE = YES;
				IPHONEOS_DEPLOYMENT_TARGET = 16.0;
				MTL_ENABLE_DEBUG_INFO = INCLUDE_SOURCE;
				MTL_FAST_MATH = YES;
				ONLY_ACTIVE_ARCH = YES;
				SDKROOT = iphoneos;
				SWIFT_ACTIVE_COMPILATION_CONDITIONS = DEBUG;
				SWIFT_OPTIMIZATION_LEVEL = "-Onone";
			};
			name = Debug;
		};
		608D3FC228EBE1E9004A4212 /* Release */ = {
			isa = XCBuildConfiguration;
			buildSettings = {
				ALWAYS_SEARCH_USER_PATHS = NO;
				CLANG_ANALYZER_NONNULL = YES;
				CLANG_ANALYZER_NUMBER_OBJECT_CONVERSION = YES_AGGRESSIVE;
				CLANG_CXX_LANGUAGE_STANDARD = "gnu++20";
				CLANG_ENABLE_MODULES = YES;
				CLANG_ENABLE_OBJC_ARC = YES;
				CLANG_ENABLE_OBJC_WEAK = YES;
				CLANG_WARN_BLOCK_CAPTURE_AUTORELEASING = YES;
				CLANG_WARN_BOOL_CONVERSION = YES;
				CLANG_WARN_COMMA = YES;
				CLANG_WARN_CONSTANT_CONVERSION = YES;
				CLANG_WARN_DEPRECATED_OBJC_IMPLEMENTATIONS = YES;
				CLANG_WARN_DIRECT_OBJC_ISA_USAGE = YES_ERROR;
				CLANG_WARN_DOCUMENTATION_COMMENTS = YES;
				CLANG_WARN_EMPTY_BODY = YES;
				CLANG_WARN_ENUM_CONVERSION = YES;
				CLANG_WARN_INFINITE_RECURSION = YES;
				CLANG_WARN_INT_CONVERSION = YES;
				CLANG_WARN_NON_LITERAL_NULL_CONVERSION = YES;
				CLANG_WARN_OBJC_IMPLICIT_RETAIN_SELF = YES;
				CLANG_WARN_OBJC_LITERAL_CONVERSION = YES;
				CLANG_WARN_OBJC_ROOT_CLASS = YES_ERROR;
				CLANG_WARN_QUOTED_INCLUDE_IN_FRAMEWORK_HEADER = YES;
				CLANG_WARN_RANGE_LOOP_ANALYSIS = YES;
				CLANG_WARN_STRICT_PROTOTYPES = YES;
				CLANG_WARN_SUSPICIOUS_MOVE = YES;
				CLANG_WARN_UNGUARDED_AVAILABILITY = YES_AGGRESSIVE;
				CLANG_WARN_UNREACHABLE_CODE = YES;
				CLANG_WARN__DUPLICATE_METHOD_MATCH = YES;
				COPY_PHASE_STRIP = NO;
				DEBUG_INFORMATION_FORMAT = "dwarf-with-dsym";
				ENABLE_NS_ASSERTIONS = NO;
				ENABLE_STRICT_OBJC_MSGSEND = YES;
				GCC_C_LANGUAGE_STANDARD = gnu11;
				GCC_NO_COMMON_BLOCKS = YES;
				GCC_WARN_64_TO_32_BIT_CONVERSION = YES;
				GCC_WARN_ABOUT_RETURN_TYPE = YES_ERROR;
				GCC_WARN_UNDECLARED_SELECTOR = YES;
				GCC_WARN_UNINITIALIZED_AUTOS = YES_AGGRESSIVE;
				GCC_WARN_UNUSED_FUNCTION = YES;
				GCC_WARN_UNUSED_VARIABLE = YES;
				IPHONEOS_DEPLOYMENT_TARGET = 16.0;
				MTL_ENABLE_DEBUG_INFO = NO;
				MTL_FAST_MATH = YES;
				SDKROOT = iphoneos;
				SWIFT_COMPILATION_MODE = wholemodule;
				SWIFT_OPTIMIZATION_LEVEL = "-O";
				VALIDATE_PRODUCT = YES;
			};
			name = Release;
		};
		608D3FC428EBE1E9004A4212 /* Debug */ = {
			isa = XCBuildConfiguration;
			buildSettings = {
				ASSETCATALOG_COMPILER_APPICON_NAME = AppIcon;
				ASSETCATALOG_COMPILER_GLOBAL_ACCENT_COLOR_NAME = AccentColor;
				CODE_SIGN_STYLE = Automatic;
				CURRENT_PROJECT_VERSION = 1;
				DEVELOPMENT_TEAM = 3NP4Z3WZ94;
				GENERATE_INFOPLIST_FILE = YES;
				INFOPLIST_FILE = "week3-standard/Info.plist";
				INFOPLIST_KEY_UIApplicationSupportsIndirectInputEvents = YES;
				INFOPLIST_KEY_UILaunchStoryboardName = LaunchScreen;
				INFOPLIST_KEY_UIMainStoryboardFile = Main;
				INFOPLIST_KEY_UISupportedInterfaceOrientations_iPad = "UIInterfaceOrientationPortrait UIInterfaceOrientationPortraitUpsideDown UIInterfaceOrientationLandscapeLeft UIInterfaceOrientationLandscapeRight";
				INFOPLIST_KEY_UISupportedInterfaceOrientations_iPhone = "UIInterfaceOrientationPortrait UIInterfaceOrientationLandscapeLeft UIInterfaceOrientationLandscapeRight";
				LD_RUNPATH_SEARCH_PATHS = (
					"$(inherited)",
					"@executable_path/Frameworks",
				);
				MARKETING_VERSION = 1.0;
				PRODUCT_BUNDLE_IDENTIFIER = "com.seuhong.week3-standard";
				PRODUCT_NAME = "$(TARGET_NAME)";
				SWIFT_EMIT_LOC_STRINGS = YES;
				SWIFT_VERSION = 5.0;
				TARGETED_DEVICE_FAMILY = "1,2";
			};
			name = Debug;
		};
		608D3FC528EBE1E9004A4212 /* Release */ = {
			isa = XCBuildConfiguration;
			buildSettings = {
				ASSETCATALOG_COMPILER_APPICON_NAME = AppIcon;
				ASSETCATALOG_COMPILER_GLOBAL_ACCENT_COLOR_NAME = AccentColor;
				CODE_SIGN_STYLE = Automatic;
				CURRENT_PROJECT_VERSION = 1;
				DEVELOPMENT_TEAM = 3NP4Z3WZ94;
				GENERATE_INFOPLIST_FILE = YES;
				INFOPLIST_FILE = "week3-standard/Info.plist";
				INFOPLIST_KEY_UIApplicationSupportsIndirectInputEvents = YES;
				INFOPLIST_KEY_UILaunchStoryboardName = LaunchScreen;
				INFOPLIST_KEY_UIMainStoryboardFile = Main;
				INFOPLIST_KEY_UISupportedInterfaceOrientations_iPad = "UIInterfaceOrientationPortrait UIInterfaceOrientationPortraitUpsideDown UIInterfaceOrientationLandscapeLeft UIInterfaceOrientationLandscapeRight";
				INFOPLIST_KEY_UISupportedInterfaceOrientations_iPhone = "UIInterfaceOrientationPortrait UIInterfaceOrientationLandscapeLeft UIInterfaceOrientationLandscapeRight";
				LD_RUNPATH_SEARCH_PATHS = (
					"$(inherited)",
					"@executable_path/Frameworks",
				);
				MARKETING_VERSION = 1.0;
				PRODUCT_BUNDLE_IDENTIFIER = "com.seuhong.week3-standard";
				PRODUCT_NAME = "$(TARGET_NAME)";
				SWIFT_EMIT_LOC_STRINGS = YES;
				SWIFT_VERSION = 5.0;
				TARGETED_DEVICE_FAMILY = "1,2";
			};
			name = Release;
		};
/* End XCBuildConfiguration section */

/* Begin XCConfigurationList section */
		608D3FAA28EBE1E7004A4212 /* Build configuration list for PBXProject "week3-standard" */ = {
			isa = XCConfigurationList;
			buildConfigurations = (
				608D3FC128EBE1E9004A4212 /* Debug */,
				608D3FC228EBE1E9004A4212 /* Release */,
			);
			defaultConfigurationIsVisible = 0;
			defaultConfigurationName = Release;
		};
		608D3FC328EBE1E9004A4212 /* Build configuration list for PBXNativeTarget "week3-standard" */ = {
			isa = XCConfigurationList;
			buildConfigurations = (
				608D3FC428EBE1E9004A4212 /* Debug */,
				608D3FC528EBE1E9004A4212 /* Release */,
			);
			defaultConfigurationIsVisible = 0;
			defaultConfigurationName = Release;
		};
/* End XCConfigurationList section */
	};
	rootObject = 608D3FA728EBE1E7004A4212 /* Project object */;
}
