{
  "pins" : [
    {
      "identity" : "hgcircularslider",
      "kind" : "remoteSourceControl",
      "location" : "https://github.com/HamzaGhazouani/HGCircularSlider",
      "state" : {
        "revision" : "2b98462d32bf7211851aa73537dbaba5dd80229e",
        "version" : "2.2.1"
      }
    }
  ],
  "version" : 2
}
